<?xml version="1.0" encoding="utf-8"?>
<Project ToolsVersion="4.0" xmlns="http://schemas.microsoft.com/developer/msbuild/2003">
  <ItemGroup>
    <Filter Include="Component">
      <UniqueIdentifier>{C474E733-E7CA-4949-9B38-20BB56986AD7}</UniqueIdentifier>
    </Filter>
    <Filter Include="ShaderPass">
      <UniqueIdentifier>{0B1BCEE5-6C84-4672-94E1-C38730E66A90}</UniqueIdentifier>
    </Filter>
    <Filter Include="ThirdParty">
      <UniqueIdentifier>{C0386892-1363-4D43-98CF-E9EF26C4AC71}</UniqueIdentifier>
    </Filter>
    <Filter Include="Shaders">
      <UniqueIdentifier>{2E1A1F9D-6C1A-4B9E-9B7D-7C9B2E3F4A1B}</UniqueIdentifier>
    </Filter>
  </ItemGroup>
  <ItemGroup>
    <ClCompile Include="Component\DepthDebugComponent.cpp">
      <Filter>Component</Filter>
    </ClCompile>
    <ClCompile Include="Component\InputDebugComponent.cpp">
      <Filter>Component</Filter>
    </ClCompile>
    <ClCompile Include="Component\FirstPersonCamera.cpp">
      <Filter>Component</Filter>
    </ClCompile>
    <ClCompile Include="main.cpp" />
    <ClCompile Include="TestWorld.cpp" />
  </ItemGroup>
  <ItemGroup>
    <ClInclude Include="Component\DepthDebugComponent.h">
      <Filter>Component</Filter>
    </ClInclude>
    <ClInclude Include="Component\InputDebugComponent.h">
      <Filter>Component</Filter>
    </ClInclude>
    <ClInclude Include="Component\FirstPersonCamera.h">
      <Filter>Component</Filter>
    </ClInclude>
    <ClInclude Include="pch.h" />
    <ClInclude Include="ShaderPass\DebugDepthPass.h">
      <Filter>ShaderPass</Filter>
    </ClInclude>
    <ClInclude Include="ShaderPass\HalfLambertPass.h">
      <Filter>ShaderPass</Filter>
    </ClInclude>
    <ClInclude Include="ShaderPass\SkyboxPass.h">
      <Filter>ShaderPass</Filter>
    </ClInclude>
    <ClInclude Include="TestWorld.h" />
  </ItemGroup>
  <ItemGroup>
    <None Include="packages.config" />
    <None Include="Shaders\DebugDepth.hlsl">
      <Filter>Shaders</Filter>
    </None>
    <None Include="Shaders\HalfLambertShaders.hlsl">
      <Filter>Shaders</Filter>
    </None>
    <None Include="Shaders\Skybox.hlsl">
      <Filter>Shaders</Filter>
    </None>
  </ItemGroup>
  <ItemGroup>
    <Image Include="..\..\..\..\..\Downloads\sky_14_2k\sky_14_2k.png">
      <Filter>ThirdParty</Filter>
    </Image>
  </ItemGroup>
</Project>